
Microsoft Visual Studio Solution File, Format Version 12.00
# Visual Studio Version 17
VisualStudioVersion = 17.4.33122.133
MinimumVisualStudioVersion = 10.0.40219.1
Project("{888888A0-9F3D-457C-B088-3A5042F75D52}") = "ToDoAppFinal", "ToDoAppFinal\ToDoAppFinal.pyproj", "{551AB048-C470-4F09-BDF4-C683BA1DB072}"
EndProject
Global
	GlobalSection(SolutionConfigurationPlatforms) = preSolution
		Debug|Any CPU = Debug|Any CPU
		Release|Any CPU = Release|Any CPU
	EndGlobalSection
	GlobalSection(ProjectConfigurationPlatforms) = postSolution
		{551AB048-C470-4F09-BDF4-C683BA1DB072}.Debug|Any CPU.ActiveCfg = Debug|Any CPU
		{551AB048-C470-4F09-BDF4-C683BA1DB072}.Debug|Any CPU.Build.0 = Debug|Any CPU
		{551AB048-C470-4F09-BDF4-C683BA1DB072}.Release|Any CPU.ActiveCfg = Release|Any CPU
		{551AB048-C470-4F09-BDF4-C683BA1DB072}.Release|Any CPU.Build.0 = Release|Any CPU
	EndGlobalSection
	GlobalSection(SolutionProperties) = preSolution
		HideSolutionNode = FALSE
	EndGlobalSection
	GlobalSection(ExtensibilityGlobals) = postSolution
		SolutionGuid = {DA2CB1DA-6E55-404E-A6DC-1C5E6820B739}
	EndGlobalSection
EndGlobal
